
Microsoft Visual Studio Solution File, Format Version 12.00
# Visual Studio Version 16
VisualStudioVersion = 16.0.29215.179
MinimumVisualStudioVersion = 10.0.40219.1
Project("{FAE04EC0-301F-11D3-BF4B-00C04F79EFBC}") = "WebAPI", "WebAPI.csproj", "{75EC8A7C-6EA4-414C-A71E-3ACC4A6BBE18}"
EndProject
Global
	GlobalSection(SolutionConfigurationPlatforms) = preSolution
		Debug|Any CPU = Debug|Any CPU
		Release|Any CPU = Release|Any CPU
	EndGlobalSection
	GlobalSection(ProjectConfigurationPlatforms) = postSolution
		{75EC8A7C-6EA4-414C-A71E-3ACC4A6BBE18}.Debug|Any CPU.ActiveCfg = Debug|Any CPU
		{75EC8A7C-6EA4-414C-A71E-3ACC4A6BBE18}.Debug|Any CPU.Build.0 = Debug|Any CPU
		{75EC8A7C-6EA4-414C-A71E-3ACC4A6BBE18}.Release|Any CPU.ActiveCfg = Release|Any CPU
		{75EC8A7C-6EA4-414C-A71E-3ACC4A6BBE18}.Release|Any CPU.Build.0 = Release|Any CPU
	EndGlobalSection
	GlobalSection(SolutionProperties) = preSolution
		HideSolutionNode = FALSE
	EndGlobalSection
	GlobalSection(ExtensibilityGlobals) = postSolution
		SolutionGuid = {67ADE96F-F1C8-46AF-8300-DCD219EE7B2D}
	EndGlobalSection
EndGlobal
